github.com/baileywickham/runner v0.0.0-20200216005136-b5293f7277b4 h1:H9D0qPlQDlLy6UlGaegD3BKPhrbKkPOJvVQpqE0ezew=
github.com/baileywickham/runner v0.0.0-20200216005136-b5293f7277b4/go.mod h1:j3wlmwZiuESTsZj6HD1pOJp8YxzpYxk0a8Z1GEdLBxE=
github.com/baileywickham/runner v0.0.0-20200323182908-6b333a000243 h1:/r6r5vdeohZXDB58spzFba72gV3rbw3V/xcVFOwgXm0=
github.com/baileywickham/runner v0.0.0-20200323182908-6b333a000243/go.mod h1:j3wlmwZiuESTsZj6HD1pOJp8YxzpYxk0a8Z1GEdLBxE=
